// !$*UTF8*$!
{
	archiveVersion = 1;
	classes = {
	};
	objectVersion = 50;
	objects = {

/* Begin PBXBuildFile section */
		76562EDE2690233600F48A5F /* DepthData.swift in Sources */ = {isa = PBXBuildFile; fileRef = 76562EDD2690233600F48A5F /* DepthData.swift */; };
		76562EE126903FD400F48A5F /* Depth.swift in Sources */ = {isa = PBXBuildFile; fileRef = 76562EE026903FD400F48A5F /* Depth.swift */; };
		76E7E51125CB027F00C6B746 /* AppDelegate.swift in Sources */ = {isa = PBXBuildFile; fileRef = 76E7E51025CB027F00C6B746 /* AppDelegate.swift */; };
		76E7E51325CB027F00C6B746 /* SceneDelegate.swift in Sources */ = {isa = PBXBuildFile; fileRef = 76E7E51225CB027F00C6B746 /* SceneDelegate.swift */; };
		76E7E51525CB027F00C6B746 /* ViewController.swift in Sources */ = {isa = PBXBuildFile; fileRef = 76E7E51425CB027F00C6B746 /* ViewController.swift */; };
		76E7E51825CB027F00C6B746 /* Main.storyboard in Resources */ = {isa = PBXBuildFile; fileRef = 76E7E51625CB027F00C6B746 /* Main.storyboard */; };
		76E7E51A25CB028400C6B746 /* Assets.xcassets in Resources */ = {isa = PBXBuildFile; fileRef = 76E7E51925CB028400C6B746 /* Assets.xcassets */; };
		76E7E51D25CB028400C6B746 /* LaunchScreen.storyboard in Resources */ = {isa = PBXBuildFile; fileRef = 76E7E51B25CB028400C6B746 /* LaunchScreen.storyboard */; };
/* End PBXBuildFile section */

/* Begin PBXFileReference section */
		76562EDD2690233600F48A5F /* DepthData.swift */ = {isa = PBXFileReference; lastKnownFileType = sourcecode.swift; path = DepthData.swift; sourceTree = "<group>"; };
		76562EE026903FD400F48A5F /* Depth.swift */ = {isa = PBXFileReference; lastKnownFileType = sourcecode.swift; path = Depth.swift; sourceTree = "<group>"; };
		76E7E50D25CB027F00C6B746 /* TestLidar.app */ = {isa = PBXFileReference; explicitFileType = wrapper.application; includeInIndex = 0; path = TestLidar.app; sourceTree = BUILT_PRODUCTS_DIR; };
		76E7E51025CB027F00C6B746 /* AppDelegate.swift */ = {isa = PBXFileReference; lastKnownFileType = sourcecode.swift; path = AppDelegate.swift; sourceTree = "<group>"; };
		76E7E51225CB027F00C6B746 /* SceneDelegate.swift */ = {isa = PBXFileReference; lastKnownFileType = sourcecode.swift; path = SceneDelegate.swift; sourceTree = "<group>"; };
		76E7E51425CB027F00C6B746 /* ViewController.swift */ = {isa = PBXFileReference; lastKnownFileType = sourcecode.swift; path = ViewController.swift; sourceTree = "<group>"; };
		76E7E51725CB027F00C6B746 /* Base */ = {isa = PBXFileReference; lastKnownFileType = file.storyboard; name = Base; path = Base.lproj/Main.storyboard; sourceTree = "<group>"; };
		76E7E51925CB028400C6B746 /* Assets.xcassets */ = {isa = PBXFileReference; lastKnownFileType = folder.assetcatalog; path = Assets.xcassets; sourceTree = "<group>"; };
		76E7E51C25CB028400C6B746 /* Base */ = {isa = PBXFileReference; lastKnownFileType = file.storyboard; name = Base; path = Base.lproj/LaunchScreen.storyboard; sourceTree = "<group>"; };
		76E7E51E25CB028400C6B746 /* Info.plist */ = {isa = PBXFileReference; lastKnownFileType = text.plist.xml; path = Info.plist; sourceTree = "<group>"; };
/* End PBXFileReference section */

/* Begin PBXFrameworksBuildPhase section */
		76E7E50A25CB027F00C6B746 /* Frameworks */ = {
			isa = PBXFrameworksBuildPhase;
			buildActionMask = 2147483647;
			files = (
			);
			runOnlyForDeploymentPostprocessing = 0;
		};
/* End PBXFrameworksBuildPhase section */

/* Begin PBXGroup section */
		76562EDF26903F7E00F48A5F /* LidarDepth */ = {
			isa = PBXGroup;
			children = (
				76562EDD2690233600F48A5F /* DepthData.swift */,
				76562EE026903FD400F48A5F /* Depth.swift */,
			);
			path = LidarDepth;
			sourceTree = "<group>";
		};
		76E7E50425CB027F00C6B746 = {
			isa = PBXGroup;
			children = (
				76E7E50F25CB027F00C6B746 /* TestLidar */,
				76E7E50E25CB027F00C6B746 /* Products */,
			);
			sourceTree = "<group>";
		};
		76E7E50E25CB027F00C6B746 /* Products */ = {
			isa = PBXGroup;
			children = (
				76E7E50D25CB027F00C6B746 /* TestLidar.app */,
			);
			name = Products;
			sourceTree = "<group>";
		};
		76E7E50F25CB027F00C6B746 /* TestLidar */ = {
			isa = PBXGroup;
			children = (
				76562EDF26903F7E00F48A5F /* LidarDepth */,
				76E7E51025CB027F00C6B746 /* AppDelegate.swift */,
				76E7E51225CB027F00C6B746 /* SceneDelegate.swift */,
				76E7E51425CB027F00C6B746 /* ViewController.swift */,
				76E7E51625CB027F00C6B746 /* Main.storyboard */,
				76E7E51925CB028400C6B746 /* Assets.xcassets */,
				76E7E51B25CB028400C6B746 /* LaunchScreen.storyboard */,
				76E7E51E25CB028400C6B746 /* Info.plist */,
			);
			path = TestLidar;
			sourceTree = "<group>";
		};
/* End PBXGroup section */

/* Begin PBXNativeTarget section */
		76E7E50C25CB027F00C6B746 /* TestLidar */ = {
			isa = PBXNativeTarget;
			buildConfigurationList = 76E7E52125CB028400C6B746 /* Build configuration list for PBXNativeTarget "TestLidar" */;
			buildPhases = (
				76E7E50925CB027F00C6B746 /* Sources */,
				76E7E50A25CB027F00C6B746 /* Frameworks */,
				76E7E50B25CB027F00C6B746 /* Resources */,
			);
			buildRules = (
			);
			dependencies = (
			);
			name = TestLidar;
			productName = TestLidar;
			productReference = 76E7E50D25CB027F00C6B746 /* TestLidar.app */;
			productType = "com.apple.product-type.application";
		};
/* End PBXNativeTarget section */

/* Begin PBXProject section */
		76E7E50525CB027F00C6B746 /* Project object */ = {
			isa = PBXProject;
			attributes = {
				LastSwiftUpdateCheck = 1220;
				LastUpgradeCheck = 1220;
				TargetAttributes = {
					76E7E50C25CB027F00C6B746 = {
						CreatedOnToolsVersion = 12.2;
					};
				};
			};
			buildConfigurationList = 76E7E50825CB027F00C6B746 /* Build configuration list for PBXProject "TestLidar" */;
			compatibilityVersion = "Xcode 9.3";
			developmentRegion = en;
			hasScannedForEncodings = 0;
			knownRegions = (
				en,
				Base,
			);
			mainGroup = 76E7E50425CB027F00C6B746;
			productRefGroup = 76E7E50E25CB027F00C6B746 /* Products */;
			projectDirPath = "";
			projectRoot = "";
			targets = (
				76E7E50C25CB027F00C6B746 /* TestLidar */,
			);
		};
/* End PBXProject section */

/* Begin PBXResourcesBuildPhase section */
		76E7E50B25CB027F00C6B746 /* Resources */ = {
			isa = PBXResourcesBuildPhase;
			buildActionMask = 2147483647;
			files = (
				76E7E51D25CB028400C6B746 /* LaunchScreen.storyboard in Resources */,
				76E7E51A25CB028400C6B746 /* Assets.xcassets in Resources */,
				76E7E51825CB027F00C6B746 /* Main.storyboard in Resources */,
			);
			runOnlyForDeploymentPostprocessing = 0;
		};
/* End PBXResourcesBuildPhase section */

/* Begin PBXSourcesBuildPhase section */
		76E7E50925CB027F00C6B746 /* Sources */ = {
			isa = PBXSourcesBuildPhase;
			buildActionMask = 2147483647;
			files = (
				76E7E51525CB027F00C6B746 /* ViewController.swift in Sources */,
				76562EDE2690233600F48A5F /* DepthData.swift in Sources */,
				76E7E51125CB027F00C6B746 /* AppDelegate.swift in Sources */,
				76E7E51325CB027F00C6B746 /* SceneDelegate.swift in Sources */,
				76562EE126903FD400F48A5F /* Depth.swift in Sources */,
			);
			runOnlyForDeploymentPostprocessing = 0;
		};
/* End PBXSourcesBuildPhase section */

/* Begin PBXVariantGroup section */
		76E7E51625CB027F00C6B746 /* Main.storyboard */ = {
			isa = PBXVariantGroup;
			children = (
				76E7E51725CB027F00C6B746 /* Base */,
			);
			name = Main.storyboard;
			sourceTree = "<group>";
		};
		76E7E51B25CB028400C6B746 /* LaunchScreen.storyboard */ = {
			isa = PBXVariantGroup;
			children = (
				76E7E51C25CB028400C6B746 /* Base */,
			);
			name = LaunchScreen.storyboard;
			sourceTree = "<group>";
		};
/* End PBXVariantGroup section */

/* Begin XCBuildConfiguration section */
		76E7E51F25CB028400C6B746 /* Debug */ = {
			isa = XCBuildConfiguration;
			buildSettings = {
				ALWAYS_SEARCH_USER_PATHS = NO;
				CLANG_ANALYZER_NONNULL = YES;
				CLANG_ANALYZER_NUMBER_OBJECT_CONVERSION = YES_AGGRESSIVE;
				CLANG_CXX_LANGUAGE_STANDARD = "gnu++14";
				CLANG_CXX_LIBRARY = "libc++";
				CLANG_ENABLE_MODULES = YES;
				CLANG_ENABLE_OBJC_ARC = YES;
				CLANG_ENABLE_OBJC_WEAK = YES;
				CLANG_WARN_BLOCK_CAPTURE_AUTORELEASING = YES;
				CLANG_WARN_BOOL_CONVERSION = YES;
				CLANG_WARN_COMMA = YES;
				CLANG_WARN_CONSTANT_CONVERSION = YES;
				CLANG_WARN_DEPRECATED_OBJC_IMPLEMENTATIONS = YES;
				CLANG_WARN_DIRECT_OBJC_ISA_USAGE = YES_ERROR;
				CLANG_WARN_DOCUMENTATION_COMMENTS = YES;
				CLANG_WARN_EMPTY_BODY = YES;
				CLANG_WARN_ENUM_CONVERSION = YES;
				CLANG_WARN_INFINITE_RECURSION = YES;
				CLANG_WARN_INT_CONVERSION = YES;
				CLANG_WARN_NON_LITERAL_NULL_CONVERSION = YES;
				CLANG_WARN_OBJC_IMPLICIT_RETAIN_SELF = YES;
				CLANG_WARN_OBJC_LITERAL_CONVERSION = YES;
				CLANG_WARN_OBJC_ROOT_CLASS = YES_ERROR;
				CLANG_WARN_QUOTED_INCLUDE_IN_FRAMEWORK_HEADER = YES;
				CLANG_WARN_RANGE_LOOP_ANALYSIS = YES;
				CLANG_WARN_STRICT_PROTOTYPES = YES;
				CLANG_WARN_SUSPICIOUS_MOVE = YES;
				CLANG_WARN_UNGUARDED_AVAILABILITY = YES_AGGRESSIVE;
				CLANG_WARN_UNREACHABLE_CODE = YES;
				CLANG_WARN__DUPLICATE_METHOD_MATCH = YES;
				COPY_PHASE_STRIP = NO;
				DEBUG_INFORMATION_FORMAT = dwarf;
				ENABLE_STRICT_OBJC_MSGSEND = YES;
				ENABLE_TESTABILITY = YES;
				GCC_C_LANGUAGE_STANDARD = gnu11;
				GCC_DYNAMIC_NO_PIC = NO;
				GCC_NO_COMMON_BLOCKS = YES;
				GCC_OPTIMIZATION_LEVEL = 0;
				GCC_PREPROCESSOR_DEFINITIONS = (
					"DEBUG=1",
					"$(inherited)",
				);
				GCC_WARN_64_TO_32_BIT_CONVERSION = YES;
				GCC_WARN_ABOUT_RETURN_TYPE = YES_ERROR;
				GCC_WARN_UNDECLARED_SELECTOR = YES;
				GCC_WARN_UNINITIALIZED_AUTOS = YES_AGGRESSIVE;
				GCC_WARN_UNUSED_FUNCTION = YES;
				GCC_WARN_UNUSED_VARIABLE = YES;
				IPHONEOS_DEPLOYMENT_TARGET = 14.2;
				MTL_ENABLE_DEBUG_INFO = INCLUDE_SOURCE;
				MTL_FAST_MATH = YES;
				ONLY_ACTIVE_ARCH = YES;
				SDKROOT = iphoneos;
				SWIFT_ACTIVE_COMPILATION_CONDITIONS = DEBUG;
				SWIFT_OPTIMIZATION_LEVEL = "-Onone";
			};
			name = Debug;
		};
		76E7E52025CB028400C6B746 /* Release */ = {
			isa = XCBuildConfiguration;
			buildSettings = {
				ALWAYS_SEARCH_USER_PATHS = NO;
				CLANG_ANALYZER_NONNULL = YES;
				CLANG_ANALYZER_NUMBER_OBJECT_CONVERSION = YES_AGGRESSIVE;
				CLANG_CXX_LANGUAGE_STANDARD = "gnu++14";
				CLANG_CXX_LIBRARY = "libc++";
				CLANG_ENABLE_MODULES = YES;
				CLANG_ENABLE_OBJC_ARC = YES;
				CLANG_ENABLE_OBJC_WEAK = YES;
				CLANG_WARN_BLOCK_CAPTURE_AUTORELEASING = YES;
				CLANG_WARN_BOOL_CONVERSION = YES;
				CLANG_WARN_COMMA = YES;
				CLANG_WARN_CONSTANT_CONVERSION = YES;
				CLANG_WARN_DEPRECATED_OBJC_IMPLEMENTATIONS = YES;
				CLANG_WARN_DIRECT_OBJC_ISA_USAGE = YES_ERROR;
				CLANG_WARN_DOCUMENTATION_COMMENTS = YES;
				CLANG_WARN_EMPTY_BODY = YES;
				CLANG_WARN_ENUM_CONVERSION = YES;
				CLANG_WARN_INFINITE_RECURSION = YES;
				CLANG_WARN_INT_CONVERSION = YES;
				CLANG_WARN_NON_LITERAL_NULL_CONVERSION = YES;
				CLANG_WARN_OBJC_IMPLICIT_RETAIN_SELF = YES;
				CLANG_WARN_OBJC_LITERAL_CONVERSION = YES;
				CLANG_WARN_OBJC_ROOT_CLASS = YES_ERROR;
				CLANG_WARN_QUOTED_INCLUDE_IN_FRAMEWORK_HEADER = YES;
				CLANG_WARN_RANGE_LOOP_ANALYSIS = YES;
				CLANG_WARN_STRICT_PROTOTYPES = YES;
				CLANG_WARN_SUSPICIOUS_MOVE = YES;
				CLANG_WARN_UNGUARDED_AVAILABILITY = YES_AGGRESSIVE;
				CLANG_WARN_UNREACHABLE_CODE = YES;
				CLANG_WARN__DUPLICATE_METHOD_MATCH = YES;
				COPY_PHASE_STRIP = NO;
				DEBUG_INFORMATION_FORMAT = "dwarf-with-dsym";
				ENABLE_NS_ASSERTIONS = NO;
				ENABLE_STRICT_OBJC_MSGSEND = YES;
				GCC_C_LANGUAGE_STANDARD = gnu11;
				GCC_NO_COMMON_BLOCKS = YES;
				GCC_WARN_64_TO_32_BIT_CONVERSION = YES;
				GCC_WARN_ABOUT_RETURN_TYPE = YES_ERROR;
				GCC_WARN_UNDECLARED_SELECTOR = YES;
				GCC_WARN_UNINITIALIZED_AUTOS = YES_AGGRESSIVE;
				GCC_WARN_UNUSED_FUNCTION = YES;
				GCC_WARN_UNUSED_VARIABLE = YES;
				IPHONEOS_DEPLOYMENT_TARGET = 14.2;
				MTL_ENABLE_DEBUG_INFO = NO;
				MTL_FAST_MATH = YES;
				SDKROOT = iphoneos;
				SWIFT_COMPILATION_MODE = wholemodule;
				SWIFT_OPTIMIZATION_LEVEL = "-O";
				VALIDATE_PRODUCT = YES;
			};
			name = Release;
		};
		76E7E52225CB028400C6B746 /* Debug */ = {
			isa = XCBuildConfiguration;
			buildSettings = {
				ASSETCATALOG_COMPILER_APPICON_NAME = AppIcon;
				ASSETCATALOG_COMPILER_GLOBAL_ACCENT_COLOR_NAME = AccentColor;
				CODE_SIGN_STYLE = Automatic;
				DEVELOPMENT_TEAM = 7Y824H4WT8;
				INFOPLIST_FILE = TestLidar/Info.plist;
				LD_RUNPATH_SEARCH_PATHS = (
					"$(inherited)",
					"@executable_path/Frameworks",
				);
				PRODUCT_BUNDLE_IDENTIFIER = "FCU-ios.TestLidar";
				PRODUCT_NAME = "$(TARGET_NAME)";
				SWIFT_VERSION = 5.0;
				TARGETED_DEVICE_FAMILY = 2;
			};
			name = Debug;
		};
		76E7E52325CB028400C6B746 /* Release */ = {
			isa = XCBuildConfiguration;
			buildSettings = {
				ASSETCATALOG_COMPILER_APPICON_NAME = AppIcon;
				ASSETCATALOG_COMPILER_GLOBAL_ACCENT_COLOR_NAME = AccentColor;
				CODE_SIGN_STYLE = Automatic;
				DEVELOPMENT_TEAM = 7Y824H4WT8;
				INFOPLIST_FILE = TestLidar/Info.plist;
				LD_RUNPATH_SEARCH_PATHS = (
					"$(inherited)",
					"@executable_path/Frameworks",
				);
				PRODUCT_BUNDLE_IDENTIFIER = "FCU-ios.TestLidar";
				PRODUCT_NAME = "$(TARGET_NAME)";
				SWIFT_VERSION = 5.0;
				TARGETED_DEVICE_FAMILY = 2;
			};
			name = Release;
		};
/* End XCBuildConfiguration section */

/* Begin XCConfigurationList section */
		76E7E50825CB027F00C6B746 /* Build configuration list for PBXProject "TestLidar" */ = {
			isa = XCConfigurationList;
			buildConfigurations = (
				76E7E51F25CB028400C6B746 /* Debug */,
				76E7E52025CB028400C6B746 /* Release */,
			);
			defaultConfigurationIsVisible = 0;
			defaultConfigurationName = Release;
		};
		76E7E52125CB028400C6B746 /* Build configuration list for PBXNativeTarget "TestLidar" */ = {
			isa = XCConfigurationList;
			buildConfigurations = (
				76E7E52225CB028400C6B746 /* Debug */,
				76E7E52325CB028400C6B746 /* Release */,
			);
			defaultConfigurationIsVisible = 0;
			defaultConfigurationName = Release;
		};
/* End XCConfigurationList section */
	};
	rootObject = 76E7E50525CB027F00C6B746 /* Project object */;
}
